<?xml version="1.0" encoding="UTF-8"?>
<edius:edius xmlns:edius="http://www.canopus.com/ns/edius"><lockfile:lockfile xmlns:lockfile="http://www.canopus.com/ns/edius/lockfile"><lockfile:oneTimeUserID>6A56D391-5877-46F8-A416-569DDAB5E526</lockfile:oneTimeUserID><lockfile:lockID>BA824382-47C0-4976-BF64-0CA01ECAFF9E</lockfile:lockID><lockfile:nameOfLockFile>IIN World Disc 1 Beginner Guide.ezp.lock</lockfile:nameOfLockFile><lockfile:nameOfProtectedObject>IIN World Disc 1 Beginner Guide.ezp</lockfile:nameOfProtectedObject><lockfile:clientComputerName>DESKTOP-SB1DOC0</lockfile:clientComputerName><lockfile:loginName>nikki</lockfile:loginName><lockfile:lastTimeServerUTC>2016-05-13 04:18:20</lockfile:lastTimeServerUTC><lockfile:lastTimeServerLocal>2016-05-13 09:48:20</lockfile:lastTimeServerLocal><lockfile:lastTimeClientUTC>2016-05-13 04:18:20</lockfile:lastTimeClientUTC><lockfile:lastTimeClientLocal>2016-05-13 09:48:20</lockfile:lastTimeClientLocal><lockfile:updateIntervalSeconds>60</lockfile:updateIntervalSeconds><lockfile:termOfValiditySeconds>600</lockfile:termOfValiditySeconds></lockfile:lockfile></edius:edius>
